// !$*UTF8*$!
{
	archiveVersion = 1;
	classes = {
	};
	objectVersion = 48;
	objects = {

/* Begin PBXBuildFile section */
		3B0C81E020235410009FC2F5 /* Media.xcassets in Resources */ = {isa = PBXBuildFile; fileRef = 3B0C81DF20235410009FC2F5 /* Media.xcassets */; };
		3BBE9BC520232B630065CD96 /* AppDelegate.swift in Sources */ = {isa = PBXBuildFile; fileRef = 3BBE9BC420232B630065CD96 /* AppDelegate.swift */; };
		3BBE9BC720232B630065CD96 /* ViewController.swift in Sources */ = {isa = PBXBuildFile; fileRef = 3BBE9BC620232B630065CD96 /* ViewController.swift */; };
		3BBE9BCA20232B640065CD96 /* Main.storyboard in Resources */ = {isa = PBXBuildFile; fileRef = 3BBE9BC820232B640065CD96 /* Main.storyboard */; };
		3BBE9BCC20232B640065CD96 /* Assets.xcassets in Resources */ = {isa = PBXBuildFile; fileRef = 3BBE9BCB20232B640065CD96 /* Assets.xcassets */; };
		3BBE9BCF20232B640065CD96 /* LaunchScreen.storyboard in Resources */ = {isa = PBXBuildFile; fileRef = 3BBE9BCD20232B640065CD96 /* LaunchScreen.storyboard */; };
		3BBE9BDA20232B640065CD96 /* LegumeGreenTests.swift in Sources */ = {isa = PBXBuildFile; fileRef = 3BBE9BD920232B640065CD96 /* LegumeGreenTests.swift */; };
		3BBE9BE520232B640065CD96 /* LegumeGreenUITests.swift in Sources */ = {isa = PBXBuildFile; fileRef = 3BBE9BE420232B640065CD96 /* LegumeGreenUITests.swift */; };
		C4886D2849693962651BB9C0 /* Pods_LegumeGreenUITests.framework in Frameworks */ = {isa = PBXBuildFile; fileRef = 20ABE61FABB5798513EE8754 /* Pods_LegumeGreenUITests.framework */; };
		C4CB1344B38403C05DBFAA5E /* Pods_LegumeGreen.framework in Frameworks */ = {isa = PBXBuildFile; fileRef = F34E8D84371FD9AF6EC9587B /* Pods_LegumeGreen.framework */; };
		F3F789DA2595490C5B57B882 /* Pods_LegumeGreenTests.framework in Frameworks */ = {isa = PBXBuildFile; fileRef = 5B6855B9539B76744B32A42A /* Pods_LegumeGreenTests.framework */; };
/* End PBXBuildFile section */

/* Begin PBXContainerItemProxy section */
		3BBE9BD620232B640065CD96 /* PBXContainerItemProxy */ = {
			isa = PBXContainerItemProxy;
			containerPortal = 3BBE9BB920232B630065CD96 /* Project object */;
			proxyType = 1;
			remoteGlobalIDString = 3BBE9BC020232B630065CD96;
			remoteInfo = LegumeGreen;
		};
		3BBE9BE120232B640065CD96 /* PBXContainerItemProxy */ = {
			isa = PBXContainerItemProxy;
			containerPortal = 3BBE9BB920232B630065CD96 /* Project object */;
			proxyType = 1;
			remoteGlobalIDString = 3BBE9BC020232B630065CD96;
			remoteInfo = LegumeGreen;
		};
/* End PBXContainerItemProxy section */

/* Begin PBXFileReference section */
		20ABE61FABB5798513EE8754 /* Pods_LegumeGreenUITests.framework */ = {isa = PBXFileReference; explicitFileType = wrapper.framework; includeInIndex = 0; path = Pods_LegumeGreenUITests.framework; sourceTree = BUILT_PRODUCTS_DIR; };
		2866B6115CEE7863127FE8FD /* Pods-LegumeGreenTests.debug.xcconfig */ = {isa = PBXFileReference; includeInIndex = 1; lastKnownFileType = text.xcconfig; name = "Pods-LegumeGreenTests.debug.xcconfig"; path = "Pods/Target Support Files/Pods-LegumeGreenTests/Pods-LegumeGreenTests.debug.xcconfig"; sourceTree = "<group>"; };
		3B0C81DF20235410009FC2F5 /* Media.xcassets */ = {isa = PBXFileReference; lastKnownFileType = folder.assetcatalog; path = Media.xcassets; sourceTree = "<group>"; };
		3BBE9BC120232B630065CD96 /* LegumeGreen.app */ = {isa = PBXFileReference; explicitFileType = wrapper.application; includeInIndex = 0; path = LegumeGreen.app; sourceTree = BUILT_PRODUCTS_DIR; };
		3BBE9BC420232B630065CD96 /* AppDelegate.swift */ = {isa = PBXFileReference; lastKnownFileType = sourcecode.swift; path = AppDelegate.swift; sourceTree = "<group>"; };
		3BBE9BC620232B630065CD96 /* ViewController.swift */ = {isa = PBXFileReference; lastKnownFileType = sourcecode.swift; path = ViewController.swift; sourceTree = "<group>"; };
		3BBE9BC920232B640065CD96 /* Base */ = {isa = PBXFileReference; lastKnownFileType = file.storyboard; name = Base; path = Base.lproj/Main.storyboard; sourceTree = "<group>"; };
		3BBE9BCB20232B640065CD96 /* Assets.xcassets */ = {isa = PBXFileReference; lastKnownFileType = folder.assetcatalog; path = Assets.xcassets; sourceTree = "<group>"; };
		3BBE9BCE20232B640065CD96 /* Base */ = {isa = PBXFileReference; lastKnownFileType = file.storyboard; name = Base; path = Base.lproj/LaunchScreen.storyboard; sourceTree = "<group>"; };
		3BBE9BD020232B640065CD96 /* Info.plist */ = {isa = PBXFileReference; lastKnownFileType = text.plist.xml; path = Info.plist; sourceTree = "<group>"; };
		3BBE9BD520232B640065CD96 /* LegumeGreenTests.xctest */ = {isa = PBXFileReference; explicitFileType = wrapper.cfbundle; includeInIndex = 0; path = LegumeGreenTests.xctest; sourceTree = BUILT_PRODUCTS_DIR; };
		3BBE9BD920232B640065CD96 /* LegumeGreenTests.swift */ = {isa = PBXFileReference; lastKnownFileType = sourcecode.swift; path = LegumeGreenTests.swift; sourceTree = "<group>"; };
		3BBE9BDB20232B640065CD96 /* Info.plist */ = {isa = PBXFileReference; lastKnownFileType = text.plist.xml; path = Info.plist; sourceTree = "<group>"; };
		3BBE9BE020232B640065CD96 /* LegumeGreenUITests.xctest */ = {isa = PBXFileReference; explicitFileType = wrapper.cfbundle; includeInIndex = 0; path = LegumeGreenUITests.xctest; sourceTree = BUILT_PRODUCTS_DIR; };
		3BBE9BE420232B640065CD96 /* LegumeGreenUITests.swift */ = {isa = PBXFileReference; lastKnownFileType = sourcecode.swift; path = LegumeGreenUITests.swift; sourceTree = "<group>"; };
		3BBE9BE620232B640065CD96 /* Info.plist */ = {isa = PBXFileReference; lastKnownFileType = text.plist.xml; path = Info.plist; sourceTree = "<group>"; };
		5B6855B9539B76744B32A42A /* Pods_LegumeGreenTests.framework */ = {isa = PBXFileReference; explicitFileType = wrapper.framework; includeInIndex = 0; path = Pods_LegumeGreenTests.framework; sourceTree = BUILT_PRODUCTS_DIR; };
		8CD9133C47CCE1981B5174AA /* Pods-LegumeGreenTests.release.xcconfig */ = {isa = PBXFileReference; includeInIndex = 1; lastKnownFileType = text.xcconfig; name = "Pods-LegumeGreenTests.release.xcconfig"; path = "Pods/Target Support Files/Pods-LegumeGreenTests/Pods-LegumeGreenTests.release.xcconfig"; sourceTree = "<group>"; };
		94F1D5AFD7F16F4DB4719E6B /* Pods-LegumeGreenUITests.release.xcconfig */ = {isa = PBXFileReference; includeInIndex = 1; lastKnownFileType = text.xcconfig; name = "Pods-LegumeGreenUITests.release.xcconfig"; path = "Pods/Target Support Files/Pods-LegumeGreenUITests/Pods-LegumeGreenUITests.release.xcconfig"; sourceTree = "<group>"; };
		B352765049B20EF004A3C3C3 /* Pods-LegumeGreenUITests.debug.xcconfig */ = {isa = PBXFileReference; includeInIndex = 1; lastKnownFileType = text.xcconfig; name = "Pods-LegumeGreenUITests.debug.xcconfig"; path = "Pods/Target Support Files/Pods-LegumeGreenUITests/Pods-LegumeGreenUITests.debug.xcconfig"; sourceTree = "<group>"; };
		B5F8FA44ED554EC85DEA2F07 /* Pods-LegumeGreen.release.xcconfig */ = {isa = PBXFileReference; includeInIndex = 1; lastKnownFileType = text.xcconfig; name = "Pods-LegumeGreen.release.xcconfig"; path = "Pods/Target Support Files/Pods-LegumeGreen/Pods-LegumeGreen.release.xcconfig"; sourceTree = "<group>"; };
		DC04525A2DDF4CF6954263F5 /* Pods-LegumeGreen.debug.xcconfig */ = {isa = PBXFileReference; includeInIndex = 1; lastKnownFileType = text.xcconfig; name = "Pods-LegumeGreen.debug.xcconfig"; path = "Pods/Target Support Files/Pods-LegumeGreen/Pods-LegumeGreen.debug.xcconfig"; sourceTree = "<group>"; };
		F34E8D84371FD9AF6EC9587B /* Pods_LegumeGreen.framework */ = {isa = PBXFileReference; explicitFileType = wrapper.framework; includeInIndex = 0; path = Pods_LegumeGreen.framework; sourceTree = BUILT_PRODUCTS_DIR; };
/* End PBXFileReference section */

/* Begin PBXFrameworksBuildPhase section */
		3BBE9BBE20232B630065CD96 /* Frameworks */ = {
			isa = PBXFrameworksBuildPhase;
			buildActionMask = 2147483647;
			files = (
				C4CB1344B38403C05DBFAA5E /* Pods_LegumeGreen.framework in Frameworks */,
			);
			runOnlyForDeploymentPostprocessing = 0;
		};
		3BBE9BD220232B640065CD96 /* Frameworks */ = {
			isa = PBXFrameworksBuildPhase;
			buildActionMask = 2147483647;
			files = (
				F3F789DA2595490C5B57B882 /* Pods_LegumeGreenTests.framework in Frameworks */,
			);
			runOnlyForDeploymentPostprocessing = 0;
		};
		3BBE9BDD20232B640065CD96 /* Frameworks */ = {
			isa = PBXFrameworksBuildPhase;
			buildActionMask = 2147483647;
			files = (
				C4886D2849693962651BB9C0 /* Pods_LegumeGreenUITests.framework in Frameworks */,
			);
			runOnlyForDeploymentPostprocessing = 0;
		};
/* End PBXFrameworksBuildPhase section */

/* Begin PBXGroup section */
		3BBE9BB820232B630065CD96 = {
			isa = PBXGroup;
			children = (
				3BBE9BC320232B630065CD96 /* LegumeGreen */,
				3BBE9BD820232B640065CD96 /* LegumeGreenTests */,
				3BBE9BE320232B640065CD96 /* LegumeGreenUITests */,
				3BBE9BC220232B630065CD96 /* Products */,
				DEE7F3A116185AA0C6CFA080 /* Pods */,
				FF80ACF6E0C944F663257825 /* Frameworks */,
			);
			sourceTree = "<group>";
		};
		3BBE9BC220232B630065CD96 /* Products */ = {
			isa = PBXGroup;
			children = (
				3BBE9BC120232B630065CD96 /* LegumeGreen.app */,
				3BBE9BD520232B640065CD96 /* LegumeGreenTests.xctest */,
				3BBE9BE020232B640065CD96 /* LegumeGreenUITests.xctest */,
			);
			name = Products;
			sourceTree = "<group>";
		};
		3BBE9BC320232B630065CD96 /* LegumeGreen */ = {
			isa = PBXGroup;
			children = (
				3BBE9BC420232B630065CD96 /* AppDelegate.swift */,
				3BBE9BC620232B630065CD96 /* ViewController.swift */,
				3BBE9BC820232B640065CD96 /* Main.storyboard */,
				3BBE9BCB20232B640065CD96 /* Assets.xcassets */,
				3B0C81DF20235410009FC2F5 /* Media.xcassets */,
				3BBE9BCD20232B640065CD96 /* LaunchScreen.storyboard */,
				3BBE9BD020232B640065CD96 /* Info.plist */,
			);
			path = LegumeGreen;
			sourceTree = "<group>";
		};
		3BBE9BD820232B640065CD96 /* LegumeGreenTests */ = {
			isa = PBXGroup;
			children = (
				3BBE9BD920232B640065CD96 /* LegumeGreenTests.swift */,
				3BBE9BDB20232B640065CD96 /* Info.plist */,
			);
			path = LegumeGreenTests;
			sourceTree = "<group>";
		};
		3BBE9BE320232B640065CD96 /* LegumeGreenUITests */ = {
			isa = PBXGroup;
			children = (
				3BBE9BE420232B640065CD96 /* LegumeGreenUITests.swift */,
				3BBE9BE620232B640065CD96 /* Info.plist */,
			);
			path = LegumeGreenUITests;
			sourceTree = "<group>";
		};
		DEE7F3A116185AA0C6CFA080 /* Pods */ = {
			isa = PBXGroup;
			children = (
				DC04525A2DDF4CF6954263F5 /* Pods-LegumeGreen.debug.xcconfig */,
				B5F8FA44ED554EC85DEA2F07 /* Pods-LegumeGreen.release.xcconfig */,
				2866B6115CEE7863127FE8FD /* Pods-LegumeGreenTests.debug.xcconfig */,
				8CD9133C47CCE1981B5174AA /* Pods-LegumeGreenTests.release.xcconfig */,
				B352765049B20EF004A3C3C3 /* Pods-LegumeGreenUITests.debug.xcconfig */,
				94F1D5AFD7F16F4DB4719E6B /* Pods-LegumeGreenUITests.release.xcconfig */,
			);
			name = Pods;
			sourceTree = "<group>";
		};
		FF80ACF6E0C944F663257825 /* Frameworks */ = {
			isa = PBXGroup;
			children = (
				F34E8D84371FD9AF6EC9587B /* Pods_LegumeGreen.framework */,
				5B6855B9539B76744B32A42A /* Pods_LegumeGreenTests.framework */,
				20ABE61FABB5798513EE8754 /* Pods_LegumeGreenUITests.framework */,
			);
			name = Frameworks;
			sourceTree = "<group>";
		};
/* End PBXGroup section */

/* Begin PBXNativeTarget section */
		3BBE9BC020232B630065CD96 /* LegumeGreen */ = {
			isa = PBXNativeTarget;
			buildConfigurationList = 3BBE9BE920232B640065CD96 /* Build configuration list for PBXNativeTarget "LegumeGreen" */;
			buildPhases = (
				B8C46C50E426FEE453971D95 /* [CP] Check Pods Manifest.lock */,
				3BBE9BBD20232B630065CD96 /* Sources */,
				3BBE9BBE20232B630065CD96 /* Frameworks */,
				3BBE9BBF20232B630065CD96 /* Resources */,
				B4C40F62438FB368149FFF08 /* [CP] Embed Pods Frameworks */,
				ABB622D9C30E6500FF7F82E2 /* [CP] Copy Pods Resources */,
			);
			buildRules = (
			);
			dependencies = (
			);
			name = LegumeGreen;
			productName = LegumeGreen;
			productReference = 3BBE9BC120232B630065CD96 /* LegumeGreen.app */;
			productType = "com.apple.product-type.application";
		};
		3BBE9BD420232B640065CD96 /* LegumeGreenTests */ = {
			isa = PBXNativeTarget;
			buildConfigurationList = 3BBE9BEC20232B640065CD96 /* Build configuration list for PBXNativeTarget "LegumeGreenTests" */;
			buildPhases = (
				53E5D82545655E7EE39B481C /* [CP] Check Pods Manifest.lock */,
				3BBE9BD120232B640065CD96 /* Sources */,
				3BBE9BD220232B640065CD96 /* Frameworks */,
				3BBE9BD320232B640065CD96 /* Resources */,
				A2F4396DD09D65A2EEB7836A /* [CP] Embed Pods Frameworks */,
				74AD4683046387F1AED5318C /* [CP] Copy Pods Resources */,
			);
			buildRules = (
			);
			dependencies = (
				3BBE9BD720232B640065CD96 /* PBXTargetDependency */,
			);
			name = LegumeGreenTests;
			productName = LegumeGreenTests;
			productReference = 3BBE9BD520232B640065CD96 /* LegumeGreenTests.xctest */;
			productType = "com.apple.product-type.bundle.unit-test";
		};
		3BBE9BDF20232B640065CD96 /* LegumeGreenUITests */ = {
			isa = PBXNativeTarget;
			buildConfigurationList = 3BBE9BEF20232B640065CD96 /* Build configuration list for PBXNativeTarget "LegumeGreenUITests" */;
			buildPhases = (
				61F2D9452E9FC7FAF31AA585 /* [CP] Check Pods Manifest.lock */,
				3BBE9BDC20232B640065CD96 /* Sources */,
				3BBE9BDD20232B640065CD96 /* Frameworks */,
				3BBE9BDE20232B640065CD96 /* Resources */,
				7950DE02BACBA88D910D8C21 /* [CP] Embed Pods Frameworks */,
				B404FE2D6A5F0F58BA6CF616 /* [CP] Copy Pods Resources */,
			);
			buildRules = (
			);
			dependencies = (
				3BBE9BE220232B640065CD96 /* PBXTargetDependency */,
			);
			name = LegumeGreenUITests;
			productName = LegumeGreenUITests;
			productReference = 3BBE9BE020232B640065CD96 /* LegumeGreenUITests.xctest */;
			productType = "com.apple.product-type.bundle.ui-testing";
		};
/* End PBXNativeTarget section */

/* Begin PBXProject section */
		3BBE9BB920232B630065CD96 /* Project object */ = {
			isa = PBXProject;
			attributes = {
				LastSwiftUpdateCheck = 0920;
				LastUpgradeCheck = 0920;
				ORGANIZATIONNAME = Arthur;
				TargetAttributes = {
					3BBE9BC020232B630065CD96 = {
						CreatedOnToolsVersion = 9.2;
						ProvisioningStyle = Automatic;
					};
					3BBE9BD420232B640065CD96 = {
						CreatedOnToolsVersion = 9.2;
						ProvisioningStyle = Automatic;
						TestTargetID = 3BBE9BC020232B630065CD96;
					};
					3BBE9BDF20232B640065CD96 = {
						CreatedOnToolsVersion = 9.2;
						ProvisioningStyle = Automatic;
						TestTargetID = 3BBE9BC020232B630065CD96;
					};
				};
			};
			buildConfigurationList = 3BBE9BBC20232B630065CD96 /* Build configuration list for PBXProject "LegumeGreen" */;
			compatibilityVersion = "Xcode 8.0";
			developmentRegion = en;
			hasScannedForEncodings = 0;
			knownRegions = (
				en,
				Base,
			);
			mainGroup = 3BBE9BB820232B630065CD96;
			productRefGroup = 3BBE9BC220232B630065CD96 /* Products */;
			projectDirPath = "";
			projectRoot = "";
			targets = (
				3BBE9BC020232B630065CD96 /* LegumeGreen */,
				3BBE9BD420232B640065CD96 /* LegumeGreenTests */,
				3BBE9BDF20232B640065CD96 /* LegumeGreenUITests */,
			);
		};
/* End PBXProject section */

/* Begin PBXResourcesBuildPhase section */
		3BBE9BBF20232B630065CD96 /* Resources */ = {
			isa = PBXResourcesBuildPhase;
			buildActionMask = 2147483647;
			files = (
				3BBE9BCF20232B640065CD96 /* LaunchScreen.storyboard in Resources */,
				3BBE9BCC20232B640065CD96 /* Assets.xcassets in Resources */,
				3B0C81E020235410009FC2F5 /* Media.xcassets in Resources */,
				3BBE9BCA20232B640065CD96 /* Main.storyboard in Resources */,
			);
			runOnlyForDeploymentPostprocessing = 0;
		};
		3BBE9BD320232B640065CD96 /* Resources */ = {
			isa = PBXResourcesBuildPhase;
			buildActionMask = 2147483647;
			files = (
			);
			runOnlyForDeploymentPostprocessing = 0;
		};
		3BBE9BDE20232B640065CD96 /* Resources */ = {
			isa = PBXResourcesBuildPhase;
			buildActionMask = 2147483647;
			files = (
			);
			runOnlyForDeploymentPostprocessing = 0;
		};
/* End PBXResourcesBuildPhase section */

/* Begin PBXShellScriptBuildPhase section */
		53E5D82545655E7EE39B481C /* [CP] Check Pods Manifest.lock */ = {
			isa = PBXShellScriptBuildPhase;
			buildActionMask = 2147483647;
			files = (
			);
			inputPaths = (
				"${PODS_PODFILE_DIR_PATH}/Podfile.lock",
				"${PODS_ROOT}/Manifest.lock",
			);
			name = "[CP] Check Pods Manifest.lock";
			outputPaths = (
				"$(DERIVED_FILE_DIR)/Pods-LegumeGreenTests-checkManifestLockResult.txt",
			);
			runOnlyForDeploymentPostprocessing = 0;
			shellPath = /bin/sh;
			shellScript = "diff \"${PODS_PODFILE_DIR_PATH}/Podfile.lock\" \"${PODS_ROOT}/Manifest.lock\" > /dev/null\nif [ $? != 0 ] ; then\n    # print error to STDERR\n    echo \"error: The sandbox is not in sync with the Podfile.lock. Run 'pod install' or update your CocoaPods installation.\" >&2\n    exit 1\nfi\n# This output is used by Xcode 'outputs' to avoid re-running this script phase.\necho \"SUCCESS\" > \"${SCRIPT_OUTPUT_FILE_0}\"\n";
			showEnvVarsInLog = 0;
		};
		61F2D9452E9FC7FAF31AA585 /* [CP] Check Pods Manifest.lock */ = {
			isa = PBXShellScriptBuildPhase;
			buildActionMask = 2147483647;
			files = (
			);
			inputPaths = (
				"${PODS_PODFILE_DIR_PATH}/Podfile.lock",
				"${PODS_ROOT}/Manifest.lock",
			);
			name = "[CP] Check Pods Manifest.lock";
			outputPaths = (
				"$(DERIVED_FILE_DIR)/Pods-LegumeGreenUITests-checkManifestLockResult.txt",
			);
			runOnlyForDeploymentPostprocessing = 0;
			shellPath = /bin/sh;
			shellScript = "diff \"${PODS_PODFILE_DIR_PATH}/Podfile.lock\" \"${PODS_ROOT}/Manifest.lock\" > /dev/null\nif [ $? != 0 ] ; then\n    # print error to STDERR\n    echo \"error: The sandbox is not in sync with the Podfile.lock. Run 'pod install' or update your CocoaPods installation.\" >&2\n    exit 1\nfi\n# This output is used by Xcode 'outputs' to avoid re-running this script phase.\necho \"SUCCESS\" > \"${SCRIPT_OUTPUT_FILE_0}\"\n";
			showEnvVarsInLog = 0;
		};
		74AD4683046387F1AED5318C /* [CP] Copy Pods Resources */ = {
			isa = PBXShellScriptBuildPhase;
			buildActionMask = 2147483647;
			files = (
			);
			inputPaths = (
			);
			name = "[CP] Copy Pods Resources";
			outputPaths = (
			);
			runOnlyForDeploymentPostprocessing = 0;
			shellPath = /bin/sh;
			shellScript = "\"${SRCROOT}/Pods/Target Support Files/Pods-LegumeGreenTests/Pods-LegumeGreenTests-resources.sh\"\n";
			showEnvVarsInLog = 0;
		};
		7950DE02BACBA88D910D8C21 /* [CP] Embed Pods Frameworks */ = {
			isa = PBXShellScriptBuildPhase;
			buildActionMask = 2147483647;
			files = (
			);
			inputPaths = (
			);
			name = "[CP] Embed Pods Frameworks";
			outputPaths = (
			);
			runOnlyForDeploymentPostprocessing = 0;
			shellPath = /bin/sh;
			shellScript = "\"${SRCROOT}/Pods/Target Support Files/Pods-LegumeGreenUITests/Pods-LegumeGreenUITests-frameworks.sh\"\n";
			showEnvVarsInLog = 0;
		};
		A2F4396DD09D65A2EEB7836A /* [CP] Embed Pods Frameworks */ = {
			isa = PBXShellScriptBuildPhase;
			buildActionMask = 2147483647;
			files = (
			);
			inputPaths = (
			);
			name = "[CP] Embed Pods Frameworks";
			outputPaths = (
			);
			runOnlyForDeploymentPostprocessing = 0;
			shellPath = /bin/sh;
			shellScript = "\"${SRCROOT}/Pods/Target Support Files/Pods-LegumeGreenTests/Pods-LegumeGreenTests-frameworks.sh\"\n";
			showEnvVarsInLog = 0;
		};
		ABB622D9C30E6500FF7F82E2 /* [CP] Copy Pods Resources */ = {
			isa = PBXShellScriptBuildPhase;
			buildActionMask = 2147483647;
			files = (
			);
			inputPaths = (
			);
			name = "[CP] Copy Pods Resources";
			outputPaths = (
			);
			runOnlyForDeploymentPostprocessing = 0;
			shellPath = /bin/sh;
			shellScript = "\"${SRCROOT}/Pods/Target Support Files/Pods-LegumeGreen/Pods-LegumeGreen-resources.sh\"\n";
			showEnvVarsInLog = 0;
		};
		B404FE2D6A5F0F58BA6CF616 /* [CP] Copy Pods Resources */ = {
			isa = PBXShellScriptBuildPhase;
			buildActionMask = 2147483647;
			files = (
			);
			inputPaths = (
			);
			name = "[CP] Copy Pods Resources";
			outputPaths = (
			);
			runOnlyForDeploymentPostprocessing = 0;
			shellPath = /bin/sh;
			shellScript = "\"${SRCROOT}/Pods/Target Support Files/Pods-LegumeGreenUITests/Pods-LegumeGreenUITests-resources.sh\"\n";
			showEnvVarsInLog = 0;
		};
		B4C40F62438FB368149FFF08 /* [CP] Embed Pods Frameworks */ = {
			isa = PBXShellScriptBuildPhase;
			buildActionMask = 2147483647;
			files = (
			);
			inputPaths = (
				"${SRCROOT}/Pods/Target Support Files/Pods-LegumeGreen/Pods-LegumeGreen-frameworks.sh",
				"${BUILT_PRODUCTS_DIR}/Turbolinks/Turbolinks.framework",
			);
			name = "[CP] Embed Pods Frameworks";
			outputPaths = (
				"${TARGET_BUILD_DIR}/${FRAMEWORKS_FOLDER_PATH}/Turbolinks.framework",
			);
			runOnlyForDeploymentPostprocessing = 0;
			shellPath = /bin/sh;
			shellScript = "\"${SRCROOT}/Pods/Target Support Files/Pods-LegumeGreen/Pods-LegumeGreen-frameworks.sh\"\n";
			showEnvVarsInLog = 0;
		};
		B8C46C50E426FEE453971D95 /* [CP] Check Pods Manifest.lock */ = {
			isa = PBXShellScriptBuildPhase;
			buildActionMask = 2147483647;
			files = (
			);
			inputPaths = (
				"${PODS_PODFILE_DIR_PATH}/Podfile.lock",
				"${PODS_ROOT}/Manifest.lock",
			);
			name = "[CP] Check Pods Manifest.lock";
			outputPaths = (
				"$(DERIVED_FILE_DIR)/Pods-LegumeGreen-checkManifestLockResult.txt",
			);
			runOnlyForDeploymentPostprocessing = 0;
			shellPath = /bin/sh;
			shellScript = "diff \"${PODS_PODFILE_DIR_PATH}/Podfile.lock\" \"${PODS_ROOT}/Manifest.lock\" > /dev/null\nif [ $? != 0 ] ; then\n    # print error to STDERR\n    echo \"error: The sandbox is not in sync with the Podfile.lock. Run 'pod install' or update your CocoaPods installation.\" >&2\n    exit 1\nfi\n# This output is used by Xcode 'outputs' to avoid re-running this script phase.\necho \"SUCCESS\" > \"${SCRIPT_OUTPUT_FILE_0}\"\n";
			showEnvVarsInLog = 0;
		};
/* End PBXShellScriptBuildPhase section */

/* Begin PBXSourcesBuildPhase section */
		3BBE9BBD20232B630065CD96 /* Sources */ = {
			isa = PBXSourcesBuildPhase;
			buildActionMask = 2147483647;
			files = (
				3BBE9BC720232B630065CD96 /* ViewController.swift in Sources */,
				3BBE9BC520232B630065CD96 /* AppDelegate.swift in Sources */,
			);
			runOnlyForDeploymentPostprocessing = 0;
		};
		3BBE9BD120232B640065CD96 /* Sources */ = {
			isa = PBXSourcesBuildPhase;
			buildActionMask = 2147483647;
			files = (
				3BBE9BDA20232B640065CD96 /* LegumeGreenTests.swift in Sources */,
			);
			runOnlyForDeploymentPostprocessing = 0;
		};
		3BBE9BDC20232B640065CD96 /* Sources */ = {
			isa = PBXSourcesBuildPhase;
			buildActionMask = 2147483647;
			files = (
				3BBE9BE520232B640065CD96 /* LegumeGreenUITests.swift in Sources */,
			);
			runOnlyForDeploymentPostprocessing = 0;
		};
/* End PBXSourcesBuildPhase section */

/* Begin PBXTargetDependency section */
		3BBE9BD720232B640065CD96 /* PBXTargetDependency */ = {
			isa = PBXTargetDependency;
			target = 3BBE9BC020232B630065CD96 /* LegumeGreen */;
			targetProxy = 3BBE9BD620232B640065CD96 /* PBXContainerItemProxy */;
		};
		3BBE9BE220232B640065CD96 /* PBXTargetDependency */ = {
			isa = PBXTargetDependency;
			target = 3BBE9BC020232B630065CD96 /* LegumeGreen */;
			targetProxy = 3BBE9BE120232B640065CD96 /* PBXContainerItemProxy */;
		};
/* End PBXTargetDependency section */

/* Begin PBXVariantGroup section */
		3BBE9BC820232B640065CD96 /* Main.storyboard */ = {
			isa = PBXVariantGroup;
			children = (
				3BBE9BC920232B640065CD96 /* Base */,
			);
			name = Main.storyboard;
			sourceTree = "<group>";
		};
		3BBE9BCD20232B640065CD96 /* LaunchScreen.storyboard */ = {
			isa = PBXVariantGroup;
			children = (
				3BBE9BCE20232B640065CD96 /* Base */,
			);
			name = LaunchScreen.storyboard;
			sourceTree = "<group>";
		};
/* End PBXVariantGroup section */

/* Begin XCBuildConfiguration section */
		3BBE9BE720232B640065CD96 /* Debug */ = {
			isa = XCBuildConfiguration;
			buildSettings = {
				ALWAYS_SEARCH_USER_PATHS = NO;
				CLANG_ANALYZER_NONNULL = YES;
				CLANG_ANALYZER_NUMBER_OBJECT_CONVERSION = YES_AGGRESSIVE;
				CLANG_CXX_LANGUAGE_STANDARD = "gnu++14";
				CLANG_CXX_LIBRARY = "libc++";
				CLANG_ENABLE_MODULES = YES;
				CLANG_ENABLE_OBJC_ARC = YES;
				CLANG_WARN_BLOCK_CAPTURE_AUTORELEASING = YES;
				CLANG_WARN_BOOL_CONVERSION = YES;
				CLANG_WARN_COMMA = YES;
				CLANG_WARN_CONSTANT_CONVERSION = YES;
				CLANG_WARN_DIRECT_OBJC_ISA_USAGE = YES_ERROR;
				CLANG_WARN_DOCUMENTATION_COMMENTS = YES;
				CLANG_WARN_EMPTY_BODY = YES;
				CLANG_WARN_ENUM_CONVERSION = YES;
				CLANG_WARN_INFINITE_RECURSION = YES;
				CLANG_WARN_INT_CONVERSION = YES;
				CLANG_WARN_NON_LITERAL_NULL_CONVERSION = YES;
				CLANG_WARN_OBJC_LITERAL_CONVERSION = YES;
				CLANG_WARN_OBJC_ROOT_CLASS = YES_ERROR;
				CLANG_WARN_RANGE_LOOP_ANALYSIS = YES;
				CLANG_WARN_STRICT_PROTOTYPES = YES;
				CLANG_WARN_SUSPICIOUS_MOVE = YES;
				CLANG_WARN_UNGUARDED_AVAILABILITY = YES_AGGRESSIVE;
				CLANG_WARN_UNREACHABLE_CODE = YES;
				CLANG_WARN__DUPLICATE_METHOD_MATCH = YES;
				CODE_SIGN_IDENTITY = "iPhone Developer";
				COPY_PHASE_STRIP = NO;
				DEBUG_INFORMATION_FORMAT = dwarf;
				ENABLE_STRICT_OBJC_MSGSEND = YES;
				ENABLE_TESTABILITY = YES;
				GCC_C_LANGUAGE_STANDARD = gnu11;
				GCC_DYNAMIC_NO_PIC = NO;
				GCC_NO_COMMON_BLOCKS = YES;
				GCC_OPTIMIZATION_LEVEL = 0;
				GCC_PREPROCESSOR_DEFINITIONS = (
					"DEBUG=1",
					"$(inherited)",
				);
				GCC_WARN_64_TO_32_BIT_CONVERSION = YES;
				GCC_WARN_ABOUT_RETURN_TYPE = YES_ERROR;
				GCC_WARN_UNDECLARED_SELECTOR = YES;
				GCC_WARN_UNINITIALIZED_AUTOS = YES_AGGRESSIVE;
				GCC_WARN_UNUSED_FUNCTION = YES;
				GCC_WARN_UNUSED_VARIABLE = YES;
				IPHONEOS_DEPLOYMENT_TARGET = 11.2;
				MTL_ENABLE_DEBUG_INFO = YES;
				ONLY_ACTIVE_ARCH = YES;
				SDKROOT = iphoneos;
				SWIFT_ACTIVE_COMPILATION_CONDITIONS = DEBUG;
				SWIFT_OPTIMIZATION_LEVEL = "-Onone";
			};
			name = Debug;
		};
		3BBE9BE820232B640065CD96 /* Release */ = {
			isa = XCBuildConfiguration;
			buildSettings = {
				ALWAYS_SEARCH_USER_PATHS = NO;
				CLANG_ANALYZER_NONNULL = YES;
				CLANG_ANALYZER_NUMBER_OBJECT_CONVERSION = YES_AGGRESSIVE;
				CLANG_CXX_LANGUAGE_STANDARD = "gnu++14";
				CLANG_CXX_LIBRARY = "libc++";
				CLANG_ENABLE_MODULES = YES;
				CLANG_ENABLE_OBJC_ARC = YES;
				CLANG_WARN_BLOCK_CAPTURE_AUTORELEASING = YES;
				CLANG_WARN_BOOL_CONVERSION = YES;
				CLANG_WARN_COMMA = YES;
				CLANG_WARN_CONSTANT_CONVERSION = YES;
				CLANG_WARN_DIRECT_OBJC_ISA_USAGE = YES_ERROR;
				CLANG_WARN_DOCUMENTATION_COMMENTS = YES;
				CLANG_WARN_EMPTY_BODY = YES;
				CLANG_WARN_ENUM_CONVERSION = YES;
				CLANG_WARN_INFINITE_RECURSION = YES;
				CLANG_WARN_INT_CONVERSION = YES;
				CLANG_WARN_NON_LITERAL_NULL_CONVERSION = YES;
				CLANG_WARN_OBJC_LITERAL_CONVERSION = YES;
				CLANG_WARN_OBJC_ROOT_CLASS = YES_ERROR;
				CLANG_WARN_RANGE_LOOP_ANALYSIS = YES;
				CLANG_WARN_STRICT_PROTOTYPES = YES;
				CLANG_WARN_SUSPICIOUS_MOVE = YES;
				CLANG_WARN_UNGUARDED_AVAILABILITY = YES_AGGRESSIVE;
				CLANG_WARN_UNREACHABLE_CODE = YES;
				CLANG_WARN__DUPLICATE_METHOD_MATCH = YES;
				CODE_SIGN_IDENTITY = "iPhone Developer";
				COPY_PHASE_STRIP = NO;
				DEBUG_INFORMATION_FORMAT = "dwarf-with-dsym";
				ENABLE_NS_ASSERTIONS = NO;
				ENABLE_STRICT_OBJC_MSGSEND = YES;
				GCC_C_LANGUAGE_STANDARD = gnu11;
				GCC_NO_COMMON_BLOCKS = YES;
				GCC_WARN_64_TO_32_BIT_CONVERSION = YES;
				GCC_WARN_ABOUT_RETURN_TYPE = YES_ERROR;
				GCC_WARN_UNDECLARED_SELECTOR = YES;
				GCC_WARN_UNINITIALIZED_AUTOS = YES_AGGRESSIVE;
				GCC_WARN_UNUSED_FUNCTION = YES;
				GCC_WARN_UNUSED_VARIABLE = YES;
				IPHONEOS_DEPLOYMENT_TARGET = 11.2;
				MTL_ENABLE_DEBUG_INFO = NO;
				SDKROOT = iphoneos;
				SWIFT_OPTIMIZATION_LEVEL = "-Owholemodule";
				VALIDATE_PRODUCT = YES;
			};
			name = Release;
		};
		3BBE9BEA20232B640065CD96 /* Debug */ = {
			isa = XCBuildConfiguration;
			baseConfigurationReference = DC04525A2DDF4CF6954263F5 /* Pods-LegumeGreen.debug.xcconfig */;
			buildSettings = {
				ASSETCATALOG_COMPILER_APPICON_NAME = AppIcon;
				CODE_SIGN_STYLE = Automatic;
				DEVELOPMENT_TEAM = D2K9R54HQS;
				INFOPLIST_FILE = LegumeGreen/Info.plist;
				LD_RUNPATH_SEARCH_PATHS = "$(inherited) @executable_path/Frameworks";
				PRODUCT_BUNDLE_IDENTIFIER = Nocompany.LegumeGreen;
				PRODUCT_NAME = "$(TARGET_NAME)";
				SWIFT_VERSION = 4.0;
				TARGETED_DEVICE_FAMILY = "1,2";
			};
			name = Debug;
		};
		3BBE9BEB20232B640065CD96 /* Release */ = {
			isa = XCBuildConfiguration;
			baseConfigurationReference = B5F8FA44ED554EC85DEA2F07 /* Pods-LegumeGreen.release.xcconfig */;
			buildSettings = {
				ASSETCATALOG_COMPILER_APPICON_NAME = AppIcon;
				CODE_SIGN_STYLE = Automatic;
				DEVELOPMENT_TEAM = D2K9R54HQS;
				INFOPLIST_FILE = LegumeGreen/Info.plist;
				LD_RUNPATH_SEARCH_PATHS = "$(inherited) @executable_path/Frameworks";
				PRODUCT_BUNDLE_IDENTIFIER = Nocompany.LegumeGreen;
				PRODUCT_NAME = "$(TARGET_NAME)";
				SWIFT_VERSION = 4.0;
				TARGETED_DEVICE_FAMILY = "1,2";
			};
			name = Release;
		};
		3BBE9BED20232B640065CD96 /* Debug */ = {
			isa = XCBuildConfiguration;
			baseConfigurationReference = 2866B6115CEE7863127FE8FD /* Pods-LegumeGreenTests.debug.xcconfig */;
			buildSettings = {
				ALWAYS_EMBED_SWIFT_STANDARD_LIBRARIES = YES;
				BUNDLE_LOADER = "$(TEST_HOST)";
				CODE_SIGN_STYLE = Automatic;
				DEVELOPMENT_TEAM = D2K9R54HQS;
				INFOPLIST_FILE = LegumeGreenTests/Info.plist;
				LD_RUNPATH_SEARCH_PATHS = "$(inherited) @executable_path/Frameworks @loader_path/Frameworks";
				PRODUCT_BUNDLE_IDENTIFIER = Nocompany.LegumeGreenTests;
				PRODUCT_NAME = "$(TARGET_NAME)";
				SWIFT_VERSION = 4.0;
				TARGETED_DEVICE_FAMILY = "1,2";
				TEST_HOST = "$(BUILT_PRODUCTS_DIR)/LegumeGreen.app/LegumeGreen";
			};
			name = Debug;
		};
		3BBE9BEE20232B640065CD96 /* Release */ = {
			isa = XCBuildConfiguration;
			baseConfigurationReference = 8CD9133C47CCE1981B5174AA /* Pods-LegumeGreenTests.release.xcconfig */;
			buildSettings = {
				ALWAYS_EMBED_SWIFT_STANDARD_LIBRARIES = YES;
				BUNDLE_LOADER = "$(TEST_HOST)";
				CODE_SIGN_STYLE = Automatic;
				DEVELOPMENT_TEAM = D2K9R54HQS;
				INFOPLIST_FILE = LegumeGreenTests/Info.plist;
				LD_RUNPATH_SEARCH_PATHS = "$(inherited) @executable_path/Frameworks @loader_path/Frameworks";
				PRODUCT_BUNDLE_IDENTIFIER = Nocompany.LegumeGreenTests;
				PRODUCT_NAME = "$(TARGET_NAME)";
				SWIFT_VERSION = 4.0;
				TARGETED_DEVICE_FAMILY = "1,2";
				TEST_HOST = "$(BUILT_PRODUCTS_DIR)/LegumeGreen.app/LegumeGreen";
			};
			name = Release;
		};
		3BBE9BF020232B640065CD96 /* Debug */ = {
			isa = XCBuildConfiguration;
			baseConfigurationReference = B352765049B20EF004A3C3C3 /* Pods-LegumeGreenUITests.debug.xcconfig */;
			buildSettings = {
				ALWAYS_EMBED_SWIFT_STANDARD_LIBRARIES = YES;
				CODE_SIGN_STYLE = Automatic;
				DEVELOPMENT_TEAM = D2K9R54HQS;
				INFOPLIST_FILE = LegumeGreenUITests/Info.plist;
				LD_RUNPATH_SEARCH_PATHS = "$(inherited) @executable_path/Frameworks @loader_path/Frameworks";
				PRODUCT_BUNDLE_IDENTIFIER = Nocompany.LegumeGreenUITests;
				PRODUCT_NAME = "$(TARGET_NAME)";
				SWIFT_VERSION = 4.0;
				TARGETED_DEVICE_FAMILY = "1,2";
				TEST_TARGET_NAME = LegumeGreen;
			};
			name = Debug;
		};
		3BBE9BF120232B640065CD96 /* Release */ = {
			isa = XCBuildConfiguration;
			baseConfigurationReference = 94F1D5AFD7F16F4DB4719E6B /* Pods-LegumeGreenUITests.release.xcconfig */;
			buildSettings = {
				ALWAYS_EMBED_SWIFT_STANDARD_LIBRARIES = YES;
				CODE_SIGN_STYLE = Automatic;
				DEVELOPMENT_TEAM = D2K9R54HQS;
				INFOPLIST_FILE = LegumeGreenUITests/Info.plist;
				LD_RUNPATH_SEARCH_PATHS = "$(inherited) @executable_path/Frameworks @loader_path/Frameworks";
				PRODUCT_BUNDLE_IDENTIFIER = Nocompany.LegumeGreenUITests;
				PRODUCT_NAME = "$(TARGET_NAME)";
				SWIFT_VERSION = 4.0;
				TARGETED_DEVICE_FAMILY = "1,2";
				TEST_TARGET_NAME = LegumeGreen;
			};
			name = Release;
		};
/* End XCBuildConfiguration section */

/* Begin XCConfigurationList section */
		3BBE9BBC20232B630065CD96 /* Build configuration list for PBXProject "LegumeGreen" */ = {
			isa = XCConfigurationList;
			buildConfigurations = (
				3BBE9BE720232B640065CD96 /* Debug */,
				3BBE9BE820232B640065CD96 /* Release */,
			);
			defaultConfigurationIsVisible = 0;
			defaultConfigurationName = Release;
		};
		3BBE9BE920232B640065CD96 /* Build configuration list for PBXNativeTarget "LegumeGreen" */ = {
			isa = XCConfigurationList;
			buildConfigurations = (
				3BBE9BEA20232B640065CD96 /* Debug */,
				3BBE9BEB20232B640065CD96 /* Release */,
			);
			defaultConfigurationIsVisible = 0;
			defaultConfigurationName = Release;
		};
		3BBE9BEC20232B640065CD96 /* Build configuration list for PBXNativeTarget "LegumeGreenTests" */ = {
			isa = XCConfigurationList;
			buildConfigurations = (
				3BBE9BED20232B640065CD96 /* Debug */,
				3BBE9BEE20232B640065CD96 /* Release */,
			);
			defaultConfigurationIsVisible = 0;
			defaultConfigurationName = Release;
		};
		3BBE9BEF20232B640065CD96 /* Build configuration list for PBXNativeTarget "LegumeGreenUITests" */ = {
			isa = XCConfigurationList;
			buildConfigurations = (
				3BBE9BF020232B640065CD96 /* Debug */,
				3BBE9BF120232B640065CD96 /* Release */,
			);
			defaultConfigurationIsVisible = 0;
			defaultConfigurationName = Release;
		};
/* End XCConfigurationList section */
	};
	rootObject = 3BBE9BB920232B630065CD96 /* Project object */;
}
